
Microsoft Visual Studio Solution File, Format Version 12.00
# Visual Studio Version 17
VisualStudioVersion = 17.5.002.0
MinimumVisualStudioVersion = 10.0.40219.1
Project("{9A19103F-16F7-4668-BE54-9A1E7A4F7556}") = "DesafioProjetoHospedagem", "DesafioProjetoHospedagem.csproj", "{7016BD4A-E7CC-45AE-B8E8-47DC515E33CD}"
EndProject
Global
	GlobalSection(SolutionConfigurationPlatforms) = preSolution
		Debug|Any CPU = Debug|Any CPU
		Release|Any CPU = Release|Any CPU
	EndGlobalSection
	GlobalSection(ProjectConfigurationPlatforms) = postSolution
		{7016BD4A-E7CC-45AE-B8E8-47DC515E33CD}.Debug|Any CPU.ActiveCfg = Debug|Any CPU
		{7016BD4A-E7CC-45AE-B8E8-47DC515E33CD}.Debug|Any CPU.Build.0 = Debug|Any CPU
		{7016BD4A-E7CC-45AE-B8E8-47DC515E33CD}.Release|Any CPU.ActiveCfg = Release|Any CPU
		{7016BD4A-E7CC-45AE-B8E8-47DC515E33CD}.Release|Any CPU.Build.0 = Release|Any CPU
	EndGlobalSection
	GlobalSection(SolutionProperties) = preSolution
		HideSolutionNode = FALSE
	EndGlobalSection
	GlobalSection(ExtensibilityGlobals) = postSolution
		SolutionGuid = {7FC32BED-C446-4AB6-9E06-7D9EC7A8879A}
	EndGlobalSection
EndGlobal
